// !$*UTF8*$!
{
	archiveVersion = 1;
	classes = {
	};
	objectVersion = 46;
	objects = {

/* Begin PBXBuildFile section */
		518537D11C50179200BCABBA /* AppDelegate.swift in Sources */ = {isa = PBXBuildFile; fileRef = 518537D01C50179200BCABBA /* AppDelegate.swift */; };
		518537D31C50179200BCABBA /* ViewController.swift in Sources */ = {isa = PBXBuildFile; fileRef = 518537D21C50179200BCABBA /* ViewController.swift */; };
		518537D61C50179200BCABBA /* Main.storyboard in Resources */ = {isa = PBXBuildFile; fileRef = 518537D41C50179200BCABBA /* Main.storyboard */; };
		518537D81C50179200BCABBA /* Assets.xcassets in Resources */ = {isa = PBXBuildFile; fileRef = 518537D71C50179200BCABBA /* Assets.xcassets */; };
		518537DB1C50179200BCABBA /* LaunchScreen.storyboard in Resources */ = {isa = PBXBuildFile; fileRef = 518537D91C50179200BCABBA /* LaunchScreen.storyboard */; };
		5191AE591C501F1400EA47CE /* pokemon.csv in Resources */ = {isa = PBXBuildFile; fileRef = 5191AE581C501F1400EA47CE /* pokemon.csv */; };
/* End PBXBuildFile section */

/* Begin PBXFileReference section */
		518537CD1C50179200BCABBA /* Pokédex.app */ = {isa = PBXFileReference; explicitFileType = wrapper.application; includeInIndex = 0; path = "Pokédex.app"; sourceTree = BUILT_PRODUCTS_DIR; };
		518537D01C50179200BCABBA /* AppDelegate.swift */ = {isa = PBXFileReference; lastKnownFileType = sourcecode.swift; path = AppDelegate.swift; sourceTree = "<group>"; };
		518537D21C50179200BCABBA /* ViewController.swift */ = {isa = PBXFileReference; lastKnownFileType = sourcecode.swift; path = ViewController.swift; sourceTree = "<group>"; };
		518537D51C50179200BCABBA /* Base */ = {isa = PBXFileReference; lastKnownFileType = file.storyboard; name = Base; path = Base.lproj/Main.storyboard; sourceTree = "<group>"; };
		518537D71C50179200BCABBA /* Assets.xcassets */ = {isa = PBXFileReference; lastKnownFileType = folder.assetcatalog; path = Assets.xcassets; sourceTree = "<group>"; };
		518537DA1C50179200BCABBA /* Base */ = {isa = PBXFileReference; lastKnownFileType = file.storyboard; name = Base; path = Base.lproj/LaunchScreen.storyboard; sourceTree = "<group>"; };
		518537DC1C50179200BCABBA /* Info.plist */ = {isa = PBXFileReference; lastKnownFileType = text.plist.xml; path = Info.plist; sourceTree = "<group>"; };
		5191AE581C501F1400EA47CE /* pokemon.csv */ = {isa = PBXFileReference; fileEncoding = 4; lastKnownFileType = text; path = pokemon.csv; sourceTree = "<group>"; };
/* End PBXFileReference section */

/* Begin PBXFrameworksBuildPhase section */
		518537CA1C50179200BCABBA /* Frameworks */ = {
			isa = PBXFrameworksBuildPhase;
			buildActionMask = 2147483647;
			files = (
			);
			runOnlyForDeploymentPostprocessing = 0;
		};
/* End PBXFrameworksBuildPhase section */

/* Begin PBXGroup section */
		518537C41C50179200BCABBA = {
			isa = PBXGroup;
			children = (
				518537CF1C50179200BCABBA /* Pokédex */,
				518537CE1C50179200BCABBA /* Products */,
			);
			sourceTree = "<group>";
		};
		518537CE1C50179200BCABBA /* Products */ = {
			isa = PBXGroup;
			children = (
				518537CD1C50179200BCABBA /* Pokédex.app */,
			);
			name = Products;
			sourceTree = "<group>";
		};
		518537CF1C50179200BCABBA /* Pokédex */ = {
			isa = PBXGroup;
			children = (
				518537D01C50179200BCABBA /* AppDelegate.swift */,
				518537D21C50179200BCABBA /* ViewController.swift */,
				518537D41C50179200BCABBA /* Main.storyboard */,
				518537D71C50179200BCABBA /* Assets.xcassets */,
				518537D91C50179200BCABBA /* LaunchScreen.storyboard */,
				5191AE581C501F1400EA47CE /* pokemon.csv */,
				518537DC1C50179200BCABBA /* Info.plist */,
			);
			path = "Pokédex";
			sourceTree = "<group>";
		};
/* End PBXGroup section */

/* Begin PBXNativeTarget section */
		518537CC1C50179200BCABBA /* Pokédex */ = {
			isa = PBXNativeTarget;
			buildConfigurationList = 518537DF1C50179200BCABBA /* Build configuration list for PBXNativeTarget "Pokédex" */;
			buildPhases = (
				518537C91C50179200BCABBA /* Sources */,
				518537CA1C50179200BCABBA /* Frameworks */,
				518537CB1C50179200BCABBA /* Resources */,
			);
			buildRules = (
			);
			dependencies = (
			);
			name = "Pokédex";
			productName = "Pokédex";
			productReference = 518537CD1C50179200BCABBA /* Pokédex.app */;
			productType = "com.apple.product-type.application";
		};
/* End PBXNativeTarget section */

/* Begin PBXProject section */
		518537C51C50179200BCABBA /* Project object */ = {
			isa = PBXProject;
			attributes = {
				LastSwiftUpdateCheck = 0710;
				LastUpgradeCheck = 0710;
				ORGANIZATIONNAME = Dishank;
				TargetAttributes = {
					518537CC1C50179200BCABBA = {
						CreatedOnToolsVersion = 7.1;
						DevelopmentTeam = HD8JWKUU2G;
					};
				};
			};
			buildConfigurationList = 518537C81C50179200BCABBA /* Build configuration list for PBXProject "Pokédex" */;
			compatibilityVersion = "Xcode 3.2";
			developmentRegion = English;
			hasScannedForEncodings = 0;
			knownRegions = (
				en,
				Base,
			);
			mainGroup = 518537C41C50179200BCABBA;
			productRefGroup = 518537CE1C50179200BCABBA /* Products */;
			projectDirPath = "";
			projectRoot = "";
			targets = (
				518537CC1C50179200BCABBA /* Pokédex */,
			);
		};
/* End PBXProject section */

/* Begin PBXResourcesBuildPhase section */
		518537CB1C50179200BCABBA /* Resources */ = {
			isa = PBXResourcesBuildPhase;
			buildActionMask = 2147483647;
			files = (
				518537DB1C50179200BCABBA /* LaunchScreen.storyboard in Resources */,
				518537D81C50179200BCABBA /* Assets.xcassets in Resources */,
				5191AE591C501F1400EA47CE /* pokemon.csv in Resources */,
				518537D61C50179200BCABBA /* Main.storyboard in Resources */,
			);
			runOnlyForDeploymentPostprocessing = 0;
		};
/* End PBXResourcesBuildPhase section */

/* Begin PBXSourcesBuildPhase section */
		518537C91C50179200BCABBA /* Sources */ = {
			isa = PBXSourcesBuildPhase;
			buildActionMask = 2147483647;
			files = (
				518537D31C50179200BCABBA /* ViewController.swift in Sources */,
				518537D11C50179200BCABBA /* AppDelegate.swift in Sources */,
			);
			runOnlyForDeploymentPostprocessing = 0;
		};
/* End PBXSourcesBuildPhase section */

/* Begin PBXVariantGroup section */
		518537D41C50179200BCABBA /* Main.storyboard */ = {
			isa = PBXVariantGroup;
			children = (
				518537D51C50179200BCABBA /* Base */,
			);
			name = Main.storyboard;
			sourceTree = "<group>";
		};
		518537D91C50179200BCABBA /* LaunchScreen.storyboard */ = {
			isa = PBXVariantGroup;
			children = (
				518537DA1C50179200BCABBA /* Base */,
			);
			name = LaunchScreen.storyboard;
			sourceTree = "<group>";
		};
/* End PBXVariantGroup section */

/* Begin XCBuildConfiguration section */
		518537DD1C50179200BCABBA /* Debug */ = {
			isa = XCBuildConfiguration;
			buildSettings = {
				ALWAYS_SEARCH_USER_PATHS = NO;
				CLANG_CXX_LANGUAGE_STANDARD = "gnu++0x";
				CLANG_CXX_LIBRARY = "libc++";
				CLANG_ENABLE_MODULES = YES;
				CLANG_ENABLE_OBJC_ARC = YES;
				CLANG_WARN_BOOL_CONVERSION = YES;
				CLANG_WARN_CONSTANT_CONVERSION = YES;
				CLANG_WARN_DIRECT_OBJC_ISA_USAGE = YES_ERROR;
				CLANG_WARN_EMPTY_BODY = YES;
				CLANG_WARN_ENUM_CONVERSION = YES;
				CLANG_WARN_INT_CONVERSION = YES;
				CLANG_WARN_OBJC_ROOT_CLASS = YES_ERROR;
				CLANG_WARN_UNREACHABLE_CODE = YES;
				CLANG_WARN__DUPLICATE_METHOD_MATCH = YES;
				"CODE_SIGN_IDENTITY[sdk=iphoneos*]" = "iPhone Developer";
				COPY_PHASE_STRIP = NO;
				DEBUG_INFORMATION_FORMAT = dwarf;
				ENABLE_STRICT_OBJC_MSGSEND = YES;
				ENABLE_TESTABILITY = YES;
				GCC_C_LANGUAGE_STANDARD = gnu99;
				GCC_DYNAMIC_NO_PIC = NO;
				GCC_NO_COMMON_BLOCKS = YES;
				GCC_OPTIMIZATION_LEVEL = 0;
				GCC_PREPROCESSOR_DEFINITIONS = (
					"DEBUG=1",
					"$(inherited)",
				);
				GCC_WARN_64_TO_32_BIT_CONVERSION = YES;
				GCC_WARN_ABOUT_RETURN_TYPE = YES_ERROR;
				GCC_WARN_UNDECLARED_SELECTOR = YES;
				GCC_WARN_UNINITIALIZED_AUTOS = YES_AGGRESSIVE;
				GCC_WARN_UNUSED_FUNCTION = YES;
				GCC_WARN_UNUSED_VARIABLE = YES;
				IPHONEOS_DEPLOYMENT_TARGET = 9.1;
				MTL_ENABLE_DEBUG_INFO = YES;
				ONLY_ACTIVE_ARCH = YES;
				SDKROOT = iphoneos;
				SWIFT_OPTIMIZATION_LEVEL = "-Onone";
			};
			name = Debug;
		};
		518537DE1C50179200BCABBA /* Release */ = {
			isa = XCBuildConfiguration;
			buildSettings = {
				ALWAYS_SEARCH_USER_PATHS = NO;
				CLANG_CXX_LANGUAGE_STANDARD = "gnu++0x";
				CLANG_CXX_LIBRARY = "libc++";
				CLANG_ENABLE_MODULES = YES;
				CLANG_ENABLE_OBJC_ARC = YES;
				CLANG_WARN_BOOL_CONVERSION = YES;
				CLANG_WARN_CONSTANT_CONVERSION = YES;
				CLANG_WARN_DIRECT_OBJC_ISA_USAGE = YES_ERROR;
				CLANG_WARN_EMPTY_BODY = YES;
				CLANG_WARN_ENUM_CONVERSION = YES;
				CLANG_WARN_INT_CONVERSION = YES;
				CLANG_WARN_OBJC_ROOT_CLASS = YES_ERROR;
				CLANG_WARN_UNREACHABLE_CODE = YES;
				CLANG_WARN__DUPLICATE_METHOD_MATCH = YES;
				"CODE_SIGN_IDENTITY[sdk=iphoneos*]" = "iPhone Developer";
				COPY_PHASE_STRIP = NO;
				DEBUG_INFORMATION_FORMAT = "dwarf-with-dsym";
				ENABLE_NS_ASSERTIONS = NO;
				ENABLE_STRICT_OBJC_MSGSEND = YES;
				GCC_C_LANGUAGE_STANDARD = gnu99;
				GCC_NO_COMMON_BLOCKS = YES;
				GCC_WARN_64_TO_32_BIT_CONVERSION = YES;
				GCC_WARN_ABOUT_RETURN_TYPE = YES_ERROR;
				GCC_WARN_UNDECLARED_SELECTOR = YES;
				GCC_WARN_UNINITIALIZED_AUTOS = YES_AGGRESSIVE;
				GCC_WARN_UNUSED_FUNCTION = YES;
				GCC_WARN_UNUSED_VARIABLE = YES;
				IPHONEOS_DEPLOYMENT_TARGET = 9.1;
				MTL_ENABLE_DEBUG_INFO = NO;
				SDKROOT = iphoneos;
				VALIDATE_PRODUCT = YES;
			};
			name = Release;
		};
		518537E01C50179200BCABBA /* Debug */ = {
			isa = XCBuildConfiguration;
			buildSettings = {
				ASSETCATALOG_COMPILER_APPICON_NAME = AppIcon;
				INFOPLIST_FILE = "Pokédex/Info.plist";
				LD_RUNPATH_SEARCH_PATHS = "$(inherited) @executable_path/Frameworks";
				PRODUCT_BUNDLE_IDENTIFIER = "com.dishanknarang.Poke-dex";
				PRODUCT_NAME = "$(TARGET_NAME)";
			};
			name = Debug;
		};
		518537E11C50179200BCABBA /* Release */ = {
			isa = XCBuildConfiguration;
			buildSettings = {
				ASSETCATALOG_COMPILER_APPICON_NAME = AppIcon;
				INFOPLIST_FILE = "Pokédex/Info.plist";
				LD_RUNPATH_SEARCH_PATHS = "$(inherited) @executable_path/Frameworks";
				PRODUCT_BUNDLE_IDENTIFIER = "com.dishanknarang.Poke-dex";
				PRODUCT_NAME = "$(TARGET_NAME)";
			};
			name = Release;
		};
/* End XCBuildConfiguration section */

/* Begin XCConfigurationList section */
		518537C81C50179200BCABBA /* Build configuration list for PBXProject "Pokédex" */ = {
			isa = XCConfigurationList;
			buildConfigurations = (
				518537DD1C50179200BCABBA /* Debug */,
				518537DE1C50179200BCABBA /* Release */,
			);
			defaultConfigurationIsVisible = 0;
			defaultConfigurationName = Release;
		};
		518537DF1C50179200BCABBA /* Build configuration list for PBXNativeTarget "Pokédex" */ = {
			isa = XCConfigurationList;
			buildConfigurations = (
				518537E01C50179200BCABBA /* Debug */,
				518537E11C50179200BCABBA /* Release */,
			);
			defaultConfigurationIsVisible = 0;
			defaultConfigurationName = Release;
		};
/* End XCConfigurationList section */
	};
	rootObject = 518537C51C50179200BCABBA /* Project object */;
}
